{
  "lockfile_version": "1",
  "packages": {
    "air@latest": {
      "last_modified": "2025-06-01T15:36:18Z",
      "resolved": "github:NixOS/nixpkgs/5929de975bcf4c7c8d8b5ca65c8cd9ef9e44523e#air",
      "source": "devbox-search",
      "version": "1.62.0",
      "systems": {
        "aarch64-darwin": {
          "outputs": [
            {
              "name": "out",
              "path": "/nix/store/2l5c3y836b4zr39zbky1lm1k7iz79hfj-air-1.62.0",
              "default": true
            }
          ],
          "store_path": "/nix/store/2l5c3y836b4zr39zbky1lm1k7iz79hfj-air-1.62.0"
        },
        "aarch64-linux": {
          "outputs": [
            {
              "name": "out",
              "path": "/nix/store/ss8d50iil2ccanj7pik4wly7q76xg015-air-1.62.0",
              "default": true
            }
          ],
          "store_path": "/nix/store/ss8d50iil2ccanj7pik4wly7q76xg015-air-1.62.0"
        },
        "x86_64-darwin": {
          "outputs": [
            {
              "name": "out",
              "path": "/nix/store/nz1ricgxd65rr3mf2bbhffzgkbz2s347-air-1.62.0",
              "default": true
            }
          ],
          "store_path": "/nix/store/nz1ricgxd65rr3mf2bbhffzgkbz2s347-air-1.62.0"
        },
        "x86_64-linux": {
          "outputs": [
            {
              "name": "out",
              "path": "/nix/store/g69p8bdi3r5hgmbila39bk8gfr1zm7aa-air-1.62.0",
              "default": true
            }
          ],
          "store_path": "/nix/store/g69p8bdi3r5hgmbila39bk8gfr1zm7aa-air-1.62.0"
        }
      }
    },
    "earthly@latest": {
      "last_modified": "2025-05-16T20:19:48Z",
      "resolved": "github:NixOS/nixpkgs/12a55407652e04dcf2309436eb06fef0d3713ef3#earthly",
      "source": "devbox-search",
      "version": "0.8.15",
      "systems": {
        "aarch64-darwin": {
          "outputs": [
            {
              "name": "out",
              "path": "/nix/store/v95b6xyib2xl8wiv7kw4l525llpdl8zl-earthly-0.8.15",
              "default": true
            }
          ],
          "store_path": "/nix/store/v95b6xyib2xl8wiv7kw4l525llpdl8zl-earthly-0.8.15"
        },
        "aarch64-linux": {
          "outputs": [
            {
              "name": "out",
              "path": "/nix/store/g64s5n1lw08n4qbbn7rp5qyxhpqd58mk-earthly-0.8.15",
              "default": true
            }
          ],
          "store_path": "/nix/store/g64s5n1lw08n4qbbn7rp5qyxhpqd58mk-earthly-0.8.15"
        },
        "x86_64-darwin": {
          "outputs": [
            {
              "name": "out",
              "path": "/nix/store/3pkjj615r30961n5vgjlc3i2n2jhh208-earthly-0.8.15",
              "default": true
            }
          ],
          "store_path": "/nix/store/3pkjj615r30961n5vgjlc3i2n2jhh208-earthly-0.8.15"
        },
        "x86_64-linux": {
          "outputs": [
            {
              "name": "out",
              "path": "/nix/store/mzbn6awb9sfv0511fkvvb8pisf4gspkr-earthly-0.8.15",
              "default": true
            }
          ],
          "store_path": "/nix/store/mzbn6awb9sfv0511fkvvb8pisf4gspkr-earthly-0.8.15"
        }
      }
    },
    "github:NixOS/nixpkgs/nixpkgs-unstable": {
      "last_modified": "2025-06-18T03:01:18Z",
      "resolved": "github:NixOS/nixpkgs/5395fb3ab3f97b9b7abca147249fa2e8ed27b192?lastModified=1750215678&narHash=sha256-Rc%2FytpamXRf6z8UA2SGa4aaWxUXRbX2MAWIu2C8M%2Bok%3D"
    },
    "go@1.24.3": {
      "last_modified": "2025-05-16T20:19:48Z",
      "resolved": "github:NixOS/nixpkgs/12a55407652e04dcf2309436eb06fef0d3713ef3#go",
      "source": "devbox-search",
      "version": "1.24.3",
      "systems": {
        "aarch64-darwin": {
          "outputs": [
            {
              "name": "out",
              "path": "/nix/store/ps3admpzmc1ryvn9q7sw5xfd94dkrb3f-go-1.24.3",
              "default": true
            }
          ],
          "store_path": "/nix/store/ps3admpzmc1ryvn9q7sw5xfd94dkrb3f-go-1.24.3"
        },
        "aarch64-linux": {
          "outputs": [
            {
              "name": "out",
              "path": "/nix/store/45bnqhyyq40p91k3cjw0farx3hn1swx6-go-1.24.3",
              "default": true
            }
          ],
          "store_path": "/nix/store/45bnqhyyq40p91k3cjw0farx3hn1swx6-go-1.24.3"
        },
        "x86_64-darwin": {
          "outputs": [
            {
              "name": "out",
              "path": "/nix/store/9z2kb6hxij7pqi0fgcn9ijhpb7ajpazs-go-1.24.3",
              "default": true
            }
          ],
          "store_path": "/nix/store/9z2kb6hxij7pqi0fgcn9ijhpb7ajpazs-go-1.24.3"
        },
        "x86_64-linux": {
          "outputs": [
            {
              "name": "out",
              "path": "/nix/store/5xvi25nqmbrg58aixp4zgczilfnp7pwg-go-1.24.3",
              "default": true
            }
          ],
          "store_path": "/nix/store/5xvi25nqmbrg58aixp4zgczilfnp7pwg-go-1.24.3"
        }
      }
    },
    "golangci-lint@latest": {
      "last_modified": "2025-05-16T20:19:48Z",
      "resolved": "github:NixOS/nixpkgs/12a55407652e04dcf2309436eb06fef0d3713ef3#golangci-lint",
      "source": "devbox-search",
      "version": "2.1.6",
      "systems": {
        "aarch64-darwin": {
          "outputs": [
            {
              "name": "out",
              "path": "/nix/store/8d3n5ly5r6prqyx3h5nr2v778hzwp83r-golangci-lint-2.1.6",
              "default": true
            }
          ],
          "store_path": "/nix/store/8d3n5ly5r6prqyx3h5nr2v778hzwp83r-golangci-lint-2.1.6"
        },
        "aarch64-linux": {
          "outputs": [
            {
              "name": "out",
              "path": "/nix/store/sazvkjsaxnpnplrsaj5wf1x9xkgv0s88-golangci-lint-2.1.6",
              "default": true
            }
          ],
          "store_path": "/nix/store/sazvkjsaxnpnplrsaj5wf1x9xkgv0s88-golangci-lint-2.1.6"
        },
        "x86_64-darwin": {
          "outputs": [
            {
              "name": "out",
              "path": "/nix/store/cqfnavdyysfdm9cam8bsyscbsk8zg781-golangci-lint-2.1.6",
              "default": true
            }
          ],
          "store_path": "/nix/store/cqfnavdyysfdm9cam8bsyscbsk8zg781-golangci-lint-2.1.6"
        },
        "x86_64-linux": {
          "outputs": [
            {
              "name": "out",
              "path": "/nix/store/snqg2xccy7fb6q6n2dw3bfql6mqbh6ar-golangci-lint-2.1.6",
              "default": true
            }
          ],
          "store_path": "/nix/store/snqg2xccy7fb6q6n2dw3bfql6mqbh6ar-golangci-lint-2.1.6"
        }
      }
    },
    "trufflehog@latest": {
      "last_modified": "2025-06-12T15:53:38Z",
      "resolved": "github:NixOS/nixpkgs/8d6cdc7756817e0c4b24567271634a44bcf80752#trufflehog",
      "source": "devbox-search",
      "version": "3.89.1",
      "systems": {
        "aarch64-darwin": {
          "outputs": [
            {
              "name": "out",
              "path": "/nix/store/30rg87yk7s0b1ai3fkgfl0xk5977c4zw-trufflehog-3.89.1",
              "default": true
            }
          ],
          "store_path": "/nix/store/30rg87yk7s0b1ai3fkgfl0xk5977c4zw-trufflehog-3.89.1"
        },
        "aarch64-linux": {
          "outputs": [
            {
              "name": "out",
              "path": "/nix/store/71rmpq1cdddb3rs2wczap9zw813g663p-trufflehog-3.89.1",
              "default": true
            }
          ],
          "store_path": "/nix/store/71rmpq1cdddb3rs2wczap9zw813g663p-trufflehog-3.89.1"
        },
        "x86_64-darwin": {
          "outputs": [
            {
              "name": "out",
              "path": "/nix/store/k8rdfrw621z61bhzzvl5xv7gsc3djyij-trufflehog-3.89.1",
              "default": true
            }
          ],
          "store_path": "/nix/store/k8rdfrw621z61bhzzvl5xv7gsc3djyij-trufflehog-3.89.1"
        },
        "x86_64-linux": {
          "outputs": [
            {
              "name": "out",
              "path": "/nix/store/fk8afmxbyiynkp6s0kwi9s39hzymqh00-trufflehog-3.89.1",
              "default": true
            }
          ],
          "store_path": "/nix/store/fk8afmxbyiynkp6s0kwi9s39hzymqh00-trufflehog-3.89.1"
        }
      }
    }
  }
}
